
Microsoft Visual Studio Solution File, Format Version 12.00
# Visual Studio Version 17
VisualStudioVersion = 17.6.33723.286
MinimumVisualStudioVersion = 10.0.40219.1
Project("{FAE04EC0-301F-11D3-BF4B-00C04F79EFBC}") = "XejijiGunFireControl", "XejijiGunFireControl.csproj", "{D03BBF92-A33E-43C2-8C9F-D6CAA433E03E}"
EndProject
Project("{FAE04EC0-301F-11D3-BF4B-00C04F79EFBC}") = "XejijiMissile", "..\SE_MyMissile\XejijiMissile\XejijiMissile.csproj", "{840FDEED-1F91-47D9-A70C-56B58E435715}"
EndProject
Project("{FAE04EC0-301F-11D3-BF4B-00C04F79EFBC}") = "SE_XEJIJICORE", "..\SE_MyRadar\SE_XEJIJICORE.csproj", "{13D424F0-DCAE-43B3-B178-B57DD32A7166}"
EndProject
Global
	GlobalSection(SolutionConfigurationPlatforms) = preSolution
		Debug|x64 = Debug|x64
	EndGlobalSection
	GlobalSection(ProjectConfigurationPlatforms) = postSolution
		{D03BBF92-A33E-43C2-8C9F-D6CAA433E03E}.Debug|x64.ActiveCfg = Debug|x64
		{D03BBF92-A33E-43C2-8C9F-D6CAA433E03E}.Debug|x64.Build.0 = Debug|x64
		{840FDEED-1F91-47D9-A70C-56B58E435715}.Debug|x64.ActiveCfg = Debug|x64
		{840FDEED-1F91-47D9-A70C-56B58E435715}.Debug|x64.Build.0 = Debug|x64
		{13D424F0-DCAE-43B3-B178-B57DD32A7166}.Debug|x64.ActiveCfg = Debug|x64
		{13D424F0-DCAE-43B3-B178-B57DD32A7166}.Debug|x64.Build.0 = Debug|x64
	EndGlobalSection
	GlobalSection(SolutionProperties) = preSolution
		HideSolutionNode = FALSE
	EndGlobalSection
	GlobalSection(ExtensibilityGlobals) = postSolution
		SolutionGuid = {7608F192-AD16-4543-84B8-9855C0D2DC0F}
	EndGlobalSection
EndGlobal
